
Microsoft Visual Studio Solution File, Format Version 12.00
# Visual Studio Version 16
VisualStudioVersion = 16.0.29911.84
MinimumVisualStudioVersion = 10.0.40219.1
Project("{FAE04EC0-301F-11D3-BF4B-00C04F79EFBC}") = "QuanLyBanVeMayBay", "QuanLyBanVeMayBay\QuanLyBanVeMayBay.csproj", "{F07C2803-A684-4726-8B39-EA8C707D835F}"
EndProject
Global
	GlobalSection(SolutionConfigurationPlatforms) = preSolution
		Debug|Any CPU = Debug|Any CPU
		Release|Any CPU = Release|Any CPU
	EndGlobalSection
	GlobalSection(ProjectConfigurationPlatforms) = postSolution
		{F07C2803-A684-4726-8B39-EA8C707D835F}.Debug|Any CPU.ActiveCfg = Debug|Any CPU
		{F07C2803-A684-4726-8B39-EA8C707D835F}.Debug|Any CPU.Build.0 = Debug|Any CPU
		{F07C2803-A684-4726-8B39-EA8C707D835F}.Release|Any CPU.ActiveCfg = Release|Any CPU
		{F07C2803-A684-4726-8B39-EA8C707D835F}.Release|Any CPU.Build.0 = Release|Any CPU
	EndGlobalSection
	GlobalSection(SolutionProperties) = preSolution
		HideSolutionNode = FALSE
	EndGlobalSection
	GlobalSection(ExtensibilityGlobals) = postSolution
		SolutionGuid = {CEA20A99-06E7-47A0-8AFF-2970C92AA509}
	EndGlobalSection
EndGlobal
