
Microsoft Visual Studio Solution File, Format Version 12.00
# Visual Studio Version 16
VisualStudioVersion = 16.0.29911.84
MinimumVisualStudioVersion = 10.0.40219.1
Project("{9A19103F-16F7-4668-BE54-9A1E7A4F7556}") = "ConnectApi_QuanLy", "ConnectApi_QuanLy\ConnectApi_QuanLy.csproj", "{5A08DF45-DB6A-463D-BE5D-46C70B2E309A}"
EndProject
Project("{9A19103F-16F7-4668-BE54-9A1E7A4F7556}") = "DAL_QuanLy", "DAL_QuanLy\DAL_QuanLy.csproj", "{00141EEA-FFCC-499B-B3F4-8E9BF394BED7}"
EndProject
Project("{9A19103F-16F7-4668-BE54-9A1E7A4F7556}") = "BUS_QuanLy", "BUS_QuanLy\BUS_QuanLy.csproj", "{7315C5B9-FE9B-4410-A986-6518C29CFEF9}"
EndProject
Project("{9A19103F-16F7-4668-BE54-9A1E7A4F7556}") = "DTO_QuanLy", "DTO_QuanLy\DTO_QuanLy.csproj", "{70249481-586F-427D-AB19-5439477FFCA1}"
EndProject
Global
	GlobalSection(SolutionConfigurationPlatforms) = preSolution
		Debug|Any CPU = Debug|Any CPU
		Release|Any CPU = Release|Any CPU
	EndGlobalSection
	GlobalSection(ProjectConfigurationPlatforms) = postSolution
		{5A08DF45-DB6A-463D-BE5D-46C70B2E309A}.Debug|Any CPU.ActiveCfg = Debug|Any CPU
		{5A08DF45-DB6A-463D-BE5D-46C70B2E309A}.Debug|Any CPU.Build.0 = Debug|Any CPU
		{5A08DF45-DB6A-463D-BE5D-46C70B2E309A}.Release|Any CPU.ActiveCfg = Release|Any CPU
		{5A08DF45-DB6A-463D-BE5D-46C70B2E309A}.Release|Any CPU.Build.0 = Release|Any CPU
		{00141EEA-FFCC-499B-B3F4-8E9BF394BED7}.Debug|Any CPU.ActiveCfg = Debug|Any CPU
		{00141EEA-FFCC-499B-B3F4-8E9BF394BED7}.Debug|Any CPU.Build.0 = Debug|Any CPU
		{00141EEA-FFCC-499B-B3F4-8E9BF394BED7}.Release|Any CPU.ActiveCfg = Release|Any CPU
		{00141EEA-FFCC-499B-B3F4-8E9BF394BED7}.Release|Any CPU.Build.0 = Release|Any CPU
		{7315C5B9-FE9B-4410-A986-6518C29CFEF9}.Debug|Any CPU.ActiveCfg = Debug|Any CPU
		{7315C5B9-FE9B-4410-A986-6518C29CFEF9}.Debug|Any CPU.Build.0 = Debug|Any CPU
		{7315C5B9-FE9B-4410-A986-6518C29CFEF9}.Release|Any CPU.ActiveCfg = Release|Any CPU
		{7315C5B9-FE9B-4410-A986-6518C29CFEF9}.Release|Any CPU.Build.0 = Release|Any CPU
		{70249481-586F-427D-AB19-5439477FFCA1}.Debug|Any CPU.ActiveCfg = Debug|Any CPU
		{70249481-586F-427D-AB19-5439477FFCA1}.Debug|Any CPU.Build.0 = Debug|Any CPU
		{70249481-586F-427D-AB19-5439477FFCA1}.Release|Any CPU.ActiveCfg = Release|Any CPU
		{70249481-586F-427D-AB19-5439477FFCA1}.Release|Any CPU.Build.0 = Release|Any CPU
	EndGlobalSection
	GlobalSection(SolutionProperties) = preSolution
		HideSolutionNode = FALSE
	EndGlobalSection
	GlobalSection(ExtensibilityGlobals) = postSolution
		SolutionGuid = {00D9795E-A12C-4C06-8619-6CF24D2013DD}
	EndGlobalSection
EndGlobal
